<?xml version="1.0" encoding="UTF-8" standalone="yes" ?>
<CodeBlocks_project_file>
	<FileVersion major="1" minor="6" />
	<Project>
		<Option title="lab2_1" />
		<Option pch_mode="2" />
		<Option compiler="gcc" />
		<Build>
			<Target title="Debug">
				<Option output="bin/Debug/lab2_1" prefix_auto="1" extension_auto="1" />
				<Option object_output="obj/Debug/" />
				<Option type="1" />
				<Option compiler="gcc" />
				<Compiler>
					<Add option="-g" />
				</Compiler>
			</Target>
			<Target title="Release">
				<Option output="bin/Release/lab2_1" prefix_auto="1" extension_auto="1" />
				<Option object_output="obj/Release/" />
				<Option type="1" />
				<Option compiler="gcc" />
				<Compiler>
					<Add option="-O2" />
				</Compiler>
				<Linker>
					<Add option="-s" />
				</Linker>
			</Target>
		</Build>
		<Compiler>
			<Add option="-Wall" />
			<Add option="-fexceptions" />
			<Add directory="../boost" />
		</Compiler>
		<Unit filename="../boost/libs/program_options/src/cmdline.cpp" />
		<Unit filename="../boost/libs/program_options/src/config_file.cpp" />
		<Unit filename="../boost/libs/program_options/src/convert.cpp" />
		<Unit filename="../boost/libs/program_options/src/options_description.cpp" />
		<Unit filename="../boost/libs/program_options/src/parsers.cpp" />
		<Unit filename="../boost/libs/program_options/src/positional_options.cpp" />
		<Unit filename="../boost/libs/program_options/src/split.cpp" />
		<Unit filename="../boost/libs/program_options/src/utf8_codecvt_facet.cpp" />
		<Unit filename="../boost/libs/program_options/src/value_semantic.cpp" />
		<Unit filename="../boost/libs/program_options/src/variables_map.cpp" />
		<Unit filename="../boost/libs/program_options/src/winmain.cpp" />
		<Unit filename="main.cpp" />
		<Extensions>
			<code_completion />
			<envvars />
			<lib_finder disable_auto="1" />
			<debugger />
		</Extensions>
	</Project>
</CodeBlocks_project_file>
